%{"decimal": {:hex, :decimal, "1.1.0"},
  "ecto": {:hex, :ecto, "0.14.3"},
  "ecto_it": {:hex, :ecto_it, "0.2.0"},
  "ecto_migrate": {:hex, :ecto_migrate, "0.5.0"},
  "mariaex": {:hex, :mariaex, "0.4.2"},
  "poison": {:hex, :poison, "1.4.0"},
  "poolboy": {:hex, :poolboy, "1.5.1"},
  "postgrex": {:hex, :postgrex, "0.9.1"}}
